
Microsoft Visual Studio Solution File, Format Version 12.00
# Visual Studio Version 17
VisualStudioVersion = 17.8.34511.84
MinimumVisualStudioVersion = 10.0.40219.1
Project("{8BC9CEB8-8B4A-11D0-8D11-00A0C91BC942}") = "VarOfVikings", "VarOfVikings.vcxproj", "{146D2E3F-1221-455D-9586-8AF8D9BD35E5}"
EndProject
Global
	GlobalSection(SolutionConfigurationPlatforms) = preSolution
		Debug|x64 = Debug|x64
		Debug|x86 = Debug|x86
		Release|x64 = Release|x64
		Release|x86 = Release|x86
	EndGlobalSection
	GlobalSection(ProjectConfigurationPlatforms) = postSolution
		{146D2E3F-1221-455D-9586-8AF8D9BD35E5}.Debug|x64.ActiveCfg = Debug|x64
		{146D2E3F-1221-455D-9586-8AF8D9BD35E5}.Debug|x64.Build.0 = Debug|x64
		{146D2E3F-1221-455D-9586-8AF8D9BD35E5}.Debug|x86.ActiveCfg = Debug|Win32
		{146D2E3F-1221-455D-9586-8AF8D9BD35E5}.Debug|x86.Build.0 = Debug|Win32
		{146D2E3F-1221-455D-9586-8AF8D9BD35E5}.Release|x64.ActiveCfg = Release|x64
		{146D2E3F-1221-455D-9586-8AF8D9BD35E5}.Release|x64.Build.0 = Release|x64
		{146D2E3F-1221-455D-9586-8AF8D9BD35E5}.Release|x86.ActiveCfg = Release|Win32
		{146D2E3F-1221-455D-9586-8AF8D9BD35E5}.Release|x86.Build.0 = Release|Win32
	EndGlobalSection
	GlobalSection(SolutionProperties) = preSolution
		HideSolutionNode = FALSE
	EndGlobalSection
	GlobalSection(ExtensibilityGlobals) = postSolution
		SolutionGuid = {0958AE5D-6DE1-4CC4-A89E-6CE99BE08D3D}
	EndGlobalSection
EndGlobal
